
Microsoft Visual Studio Solution File, Format Version 12.00
# Visual Studio 15
Project("{FAE04EC0-301F-11D3-BF4B-00C04F79EFBC}") = "Assembly-CSharp-firstpass", "Assembly-CSharp-firstpass.csproj", "{65C46CB7-C069-213D-4E25-601C274731D2}"
EndProject
Project("{FAE04EC0-301F-11D3-BF4B-00C04F79EFBC}") = "Assembly-CSharp", "Assembly-CSharp.csproj", "{C3B71E36-7515-A537-F033-D18D34BF6F1A}"
EndProject
Project("{FAE04EC0-301F-11D3-BF4B-00C04F79EFBC}") = "Assembly-CSharp-Editor-firstpass", "Assembly-CSharp-Editor-firstpass.csproj", "{181EC8E6-A4C7-6CCF-AF94-875CDA65FD17}"
EndProject
Global
	GlobalSection(SolutionConfigurationPlatforms) = preSolution
		Debug|Any CPU = Debug|Any CPU
		Release|Any CPU = Release|Any CPU
	EndGlobalSection
	GlobalSection(ProjectConfigurationPlatforms) = postSolution
		{65C46CB7-C069-213D-4E25-601C274731D2}.Debug|Any CPU.ActiveCfg = Debug|Any CPU
		{65C46CB7-C069-213D-4E25-601C274731D2}.Debug|Any CPU.Build.0 = Debug|Any CPU
		{65C46CB7-C069-213D-4E25-601C274731D2}.Release|Any CPU.ActiveCfg = Release|Any CPU
		{65C46CB7-C069-213D-4E25-601C274731D2}.Release|Any CPU.Build.0 = Release|Any CPU
		{C3B71E36-7515-A537-F033-D18D34BF6F1A}.Debug|Any CPU.ActiveCfg = Debug|Any CPU
		{C3B71E36-7515-A537-F033-D18D34BF6F1A}.Debug|Any CPU.Build.0 = Debug|Any CPU
		{C3B71E36-7515-A537-F033-D18D34BF6F1A}.Release|Any CPU.ActiveCfg = Release|Any CPU
		{C3B71E36-7515-A537-F033-D18D34BF6F1A}.Release|Any CPU.Build.0 = Release|Any CPU
		{181EC8E6-A4C7-6CCF-AF94-875CDA65FD17}.Debug|Any CPU.ActiveCfg = Debug|Any CPU
		{181EC8E6-A4C7-6CCF-AF94-875CDA65FD17}.Debug|Any CPU.Build.0 = Debug|Any CPU
		{181EC8E6-A4C7-6CCF-AF94-875CDA65FD17}.Release|Any CPU.ActiveCfg = Release|Any CPU
		{181EC8E6-A4C7-6CCF-AF94-875CDA65FD17}.Release|Any CPU.Build.0 = Release|Any CPU
	EndGlobalSection
	GlobalSection(SolutionProperties) = preSolution
		HideSolutionNode = FALSE
	EndGlobalSection
EndGlobal
